// !$*UTF8*$!
{
	archiveVersion = 1;
	classes = {
	};
	objectVersion = 50;
	objects = {

/* Begin PBXBuildFile section */
		2F2A88972240D9C200C8A368 /* NoticeTool.swift in Sources */ = {isa = PBXBuildFile; fileRef = 2F2A88962240D9C200C8A368 /* NoticeTool.swift */; };
		2F2A88992240E32D00C8A368 /* FeedManager.swift in Sources */ = {isa = PBXBuildFile; fileRef = 2F2A88982240E32D00C8A368 /* FeedManager.swift */; };
		2F2A889B2240F6C200C8A368 /* FeedTool.swift in Sources */ = {isa = PBXBuildFile; fileRef = 2F2A889A2240F6C200C8A368 /* FeedTool.swift */; };
		2F2A889D2241033500C8A368 /* ArticleListController.swift in Sources */ = {isa = PBXBuildFile; fileRef = 2F2A889C2241033500C8A368 /* ArticleListController.swift */; };
		2F524C01223B5BCA006F5C10 /* SwiftMessages.framework in Frameworks */ = {isa = PBXBuildFile; fileRef = 2F524C00223B5BC9006F5C10 /* SwiftMessages.framework */; };
		2F524C0B223B9DD1006F5C10 /* SettingController.swift in Sources */ = {isa = PBXBuildFile; fileRef = 2F524C0A223B9DD1006F5C10 /* SettingController.swift */; };
		2F610153224338D2006C8379 /* ShareTool.swift in Sources */ = {isa = PBXBuildFile; fileRef = 2F610152224338D2006C8379 /* ShareTool.swift */; };
		2F61015522435D88006C8379 /* RenameFeedView.swift in Sources */ = {isa = PBXBuildFile; fileRef = 2F61015422435D88006C8379 /* RenameFeedView.swift */; };
		2F61015722435D93006C8379 /* RenameFeedView.xib in Resources */ = {isa = PBXBuildFile; fileRef = 2F61015622435D93006C8379 /* RenameFeedView.xib */; };
		2F71540222420158000C7B8D /* NVActivityIndicatorAnimationDelegate.swift in Sources */ = {isa = PBXBuildFile; fileRef = 2F7153D822420158000C7B8D /* NVActivityIndicatorAnimationDelegate.swift */; };
		2F71540322420158000C7B8D /* NVActivityIndicatorPresenter.swift in Sources */ = {isa = PBXBuildFile; fileRef = 2F7153DA22420158000C7B8D /* NVActivityIndicatorPresenter.swift */; };
		2F71540422420158000C7B8D /* NVActivityIndicatorViewable.swift in Sources */ = {isa = PBXBuildFile; fileRef = 2F7153DB22420158000C7B8D /* NVActivityIndicatorViewable.swift */; };
		2F71540522420158000C7B8D /* NVActivityIndicatorShape.swift in Sources */ = {isa = PBXBuildFile; fileRef = 2F7153DC22420158000C7B8D /* NVActivityIndicatorShape.swift */; };
		2F71540622420158000C7B8D /* NVActivityIndicatorView.swift in Sources */ = {isa = PBXBuildFile; fileRef = 2F7153DD22420158000C7B8D /* NVActivityIndicatorView.swift */; };
		2F71540722420158000C7B8D /* NVActivityIndicatorAnimationBallRotate.swift in Sources */ = {isa = PBXBuildFile; fileRef = 2F7153DF22420158000C7B8D /* NVActivityIndicatorAnimationBallRotate.swift */; };
		2F71540822420158000C7B8D /* NVActivityIndicatorAnimationBallGridPulse.swift in Sources */ = {isa = PBXBuildFile; fileRef = 2F7153E022420158000C7B8D /* NVActivityIndicatorAnimationBallGridPulse.swift */; };
		2F71540922420158000C7B8D /* NVActivityIndicatorAnimationBallClipRotate.swift in Sources */ = {isa = PBXBuildFile; fileRef = 2F7153E122420158000C7B8D /* NVActivityIndicatorAnimationBallClipRotate.swift */; };
		2F71540A22420158000C7B8D /* NVActivityIndicatorAnimationBallClipRotateMultiple.swift in Sources */ = {isa = PBXBuildFile; fileRef = 2F7153E222420158000C7B8D /* NVActivityIndicatorAnimationBallClipRotateMultiple.swift */; };
		2F71540B22420158000C7B8D /* NVActivityIndicatorAnimationBallTrianglePath.swift in Sources */ = {isa = PBXBuildFile; fileRef = 2F7153E322420158000C7B8D /* NVActivityIndicatorAnimationBallTrianglePath.swift */; };
		2F71540C22420158000C7B8D /* NVActivityIndicatorAnimationBallDoubleBounce.swift in Sources */ = {isa = PBXBuildFile; fileRef = 2F7153E422420158000C7B8D /* NVActivityIndicatorAnimationBallDoubleBounce.swift */; };
		2F71540D22420158000C7B8D /* NVActivityIndicatorAnimationLineScalePulseOut.swift in Sources */ = {isa = PBXBuildFile; fileRef = 2F7153E522420158000C7B8D /* NVActivityIndicatorAnimationLineScalePulseOut.swift */; };
		2F71540E22420158000C7B8D /* NVActivityIndicatorAnimationLineSpinFadeLoader.swift in Sources */ = {isa = PBXBuildFile; fileRef = 2F7153E622420158000C7B8D /* NVActivityIndicatorAnimationLineSpinFadeLoader.swift */; };
		2F71540F22420158000C7B8D /* NVActivityIndicatorAnimationBallZigZagDeflect.swift in Sources */ = {isa = PBXBuildFile; fileRef = 2F7153E722420158000C7B8D /* NVActivityIndicatorAnimationBallZigZagDeflect.swift */; };
		2F71541022420158000C7B8D /* NVActivityIndicatorAnimationBallScale.swift in Sources */ = {isa = PBXBuildFile; fileRef = 2F7153E822420158000C7B8D /* NVActivityIndicatorAnimationBallScale.swift */; };
		2F71541122420158000C7B8D /* NVActivityIndicatorAnimationBallZigZag.swift in Sources */ = {isa = PBXBuildFile; fileRef = 2F7153E922420158000C7B8D /* NVActivityIndicatorAnimationBallZigZag.swift */; };
		2F71541222420158000C7B8D /* NVActivityIndicatorAnimationBallBeat.swift in Sources */ = {isa = PBXBuildFile; fileRef = 2F7153EA22420158000C7B8D /* NVActivityIndicatorAnimationBallBeat.swift */; };
		2F71541322420158000C7B8D /* NVActivityIndicatorAnimationSemiCircleSpin.swift in Sources */ = {isa = PBXBuildFile; fileRef = 2F7153EB22420158000C7B8D /* NVActivityIndicatorAnimationSemiCircleSpin.swift */; };
		2F71541422420158000C7B8D /* NVActivityIndicatorAnimationBallScaleRipple.swift in Sources */ = {isa = PBXBuildFile; fileRef = 2F7153EC22420158000C7B8D /* NVActivityIndicatorAnimationBallScaleRipple.swift */; };
		2F71541522420158000C7B8D /* NVActivityIndicatorAnimationBallClipRotatePulse.swift in Sources */ = {isa = PBXBuildFile; fileRef = 2F7153ED22420158000C7B8D /* NVActivityIndicatorAnimationBallClipRotatePulse.swift */; };
		2F71541622420158000C7B8D /* NVActivityIndicatorAnimationSquareSpin.swift in Sources */ = {isa = PBXBuildFile; fileRef = 2F7153EE22420158000C7B8D /* NVActivityIndicatorAnimationSquareSpin.swift */; };
		2F71541722420158000C7B8D /* NVActivityIndicatorAnimationBallRotateChase.swift in Sources */ = {isa = PBXBuildFile; fileRef = 2F7153EF22420158000C7B8D /* NVActivityIndicatorAnimationBallRotateChase.swift */; };
		2F71541822420158000C7B8D /* NVActivityIndicatorAnimationBallPulse.swift in Sources */ = {isa = PBXBuildFile; fileRef = 2F7153F022420158000C7B8D /* NVActivityIndicatorAnimationBallPulse.swift */; };
		2F71541922420158000C7B8D /* NVActivityIndicatorAnimationBlank.swift in Sources */ = {isa = PBXBuildFile; fileRef = 2F7153F122420158000C7B8D /* NVActivityIndicatorAnimationBlank.swift */; };
		2F71541A22420158000C7B8D /* NVActivityIndicatorAnimationCircleStrokeSpin.swift in Sources */ = {isa = PBXBuildFile; fileRef = 2F7153F222420158000C7B8D /* NVActivityIndicatorAnimationCircleStrokeSpin.swift */; };
		2F71541B22420158000C7B8D /* NVActivityIndicatorAnimationAudioEqualizer.swift in Sources */ = {isa = PBXBuildFile; fileRef = 2F7153F322420158000C7B8D /* NVActivityIndicatorAnimationAudioEqualizer.swift */; };
		2F71541C22420158000C7B8D /* NVActivityIndicatorAnimationTriangleSkewSpin.swift in Sources */ = {isa = PBXBuildFile; fileRef = 2F7153F422420158000C7B8D /* NVActivityIndicatorAnimationTriangleSkewSpin.swift */; };
		2F71541D22420158000C7B8D /* NVActivityIndicatorAnimationBallGridBeat.swift in Sources */ = {isa = PBXBuildFile; fileRef = 2F7153F522420158000C7B8D /* NVActivityIndicatorAnimationBallGridBeat.swift */; };
		2F71541E22420158000C7B8D /* NVActivityIndicatorAnimationBallScaleMultiple.swift in Sources */ = {isa = PBXBuildFile; fileRef = 2F7153F622420158000C7B8D /* NVActivityIndicatorAnimationBallScaleMultiple.swift */; };
		2F71541F22420158000C7B8D /* NVActivityIndicatorAnimationLineScale.swift in Sources */ = {isa = PBXBuildFile; fileRef = 2F7153F722420158000C7B8D /* NVActivityIndicatorAnimationLineScale.swift */; };
		2F71542022420158000C7B8D /* NVActivityIndicatorAnimationBallScaleRippleMultiple.swift in Sources */ = {isa = PBXBuildFile; fileRef = 2F7153F822420158000C7B8D /* NVActivityIndicatorAnimationBallScaleRippleMultiple.swift */; };
		2F71542122420158000C7B8D /* NVActivityIndicatorAnimationPacman.swift in Sources */ = {isa = PBXBuildFile; fileRef = 2F7153F922420158000C7B8D /* NVActivityIndicatorAnimationPacman.swift */; };
		2F71542222420158000C7B8D /* NVActivityIndicatorAnimationBallPulseSync.swift in Sources */ = {isa = PBXBuildFile; fileRef = 2F7153FA22420158000C7B8D /* NVActivityIndicatorAnimationBallPulseSync.swift */; };
		2F71542322420158000C7B8D /* NVActivityIndicatorAnimationCubeTransition.swift in Sources */ = {isa = PBXBuildFile; fileRef = 2F7153FB22420158000C7B8D /* NVActivityIndicatorAnimationCubeTransition.swift */; };
		2F71542422420158000C7B8D /* NVActivityIndicatorAnimationBallSpinFadeLoader.swift in Sources */ = {isa = PBXBuildFile; fileRef = 2F7153FC22420158000C7B8D /* NVActivityIndicatorAnimationBallSpinFadeLoader.swift */; };
		2F71542522420158000C7B8D /* NVActivityIndicatorAnimationLineScaleParty.swift in Sources */ = {isa = PBXBuildFile; fileRef = 2F7153FD22420158000C7B8D /* NVActivityIndicatorAnimationLineScaleParty.swift */; };
		2F71542622420158000C7B8D /* NVActivityIndicatorAnimationLineScalePulseOutRapid.swift in Sources */ = {isa = PBXBuildFile; fileRef = 2F7153FE22420158000C7B8D /* NVActivityIndicatorAnimationLineScalePulseOutRapid.swift */; };
		2F71542722420158000C7B8D /* NVActivityIndicatorAnimationBallPulseRise.swift in Sources */ = {isa = PBXBuildFile; fileRef = 2F7153FF22420158000C7B8D /* NVActivityIndicatorAnimationBallPulseRise.swift */; };
		2F71542822420158000C7B8D /* NVActivityIndicatorAnimationOrbit.swift in Sources */ = {isa = PBXBuildFile; fileRef = 2F71540022420158000C7B8D /* NVActivityIndicatorAnimationOrbit.swift */; };
		2F71542922420158000C7B8D /* SwiftNotice.swift in Sources */ = {isa = PBXBuildFile; fileRef = 2F71540122420158000C7B8D /* SwiftNotice.swift */; };
		2F71542C2242153D000C7B8D /* SwipeCellKit.framework in Frameworks */ = {isa = PBXBuildFile; fileRef = 2F71542B2242153D000C7B8D /* SwipeCellKit.framework */; };
		2F71542F22422ED1000C7B8D /* PreferenceController.swift in Sources */ = {isa = PBXBuildFile; fileRef = 2F71542E22422ED1000C7B8D /* PreferenceController.swift */; };
		2F71543122423C8B000C7B8D /* AuthIDController.swift in Sources */ = {isa = PBXBuildFile; fileRef = 2F71543022423C8B000C7B8D /* AuthIDController.swift */; };
		2F77C9B02240939F0051872E /* Realm.framework in Frameworks */ = {isa = PBXBuildFile; fileRef = 2F77C9AF2240939F0051872E /* Realm.framework */; };
		2F77C9B2224094470051872E /* RealmSwift.framework in Frameworks */ = {isa = PBXBuildFile; fileRef = 2F77C9B1224094470051872E /* RealmSwift.framework */; };
		2F77C9B622409D5E0051872E /* MyFeed.swift in Sources */ = {isa = PBXBuildFile; fileRef = 2F77C9B522409D5E0051872E /* MyFeed.swift */; };
		2F77C9B922409F440051872E /* RealmConfig.swift in Sources */ = {isa = PBXBuildFile; fileRef = 2F77C9B822409F440051872E /* RealmConfig.swift */; };
		2F77C9BC2240B1220051872E /* AddFeedView.swift in Sources */ = {isa = PBXBuildFile; fileRef = 2F77C9BB2240B1220051872E /* AddFeedView.swift */; };
		2F77C9BE2240B1330051872E /* AddFeedView.xib in Resources */ = {isa = PBXBuildFile; fileRef = 2F77C9BD2240B1330051872E /* AddFeedView.xib */; };
		2F8F04C6223A46DE00F36F93 /* AppDelegate.swift in Sources */ = {isa = PBXBuildFile; fileRef = 2F8F04C5223A46DE00F36F93 /* AppDelegate.swift */; };
		2F8F04CB223A46DE00F36F93 /* Main.storyboard in Resources */ = {isa = PBXBuildFile; fileRef = 2F8F04C9223A46DE00F36F93 /* Main.storyboard */; };
		2F8F04CD223A46DE00F36F93 /* Assets.xcassets in Resources */ = {isa = PBXBuildFile; fileRef = 2F8F04CC223A46DE00F36F93 /* Assets.xcassets */; };
		2F8F04D0223A46DE00F36F93 /* LaunchScreen.storyboard in Resources */ = {isa = PBXBuildFile; fileRef = 2F8F04CE223A46DE00F36F93 /* LaunchScreen.storyboard */; };
		2F8F053B223A47E800F36F93 /* HidingManager.swift in Sources */ = {isa = PBXBuildFile; fileRef = 2F8F04F9223A47E800F36F93 /* HidingManager.swift */; };
		2F8F053C223A47E800F36F93 /* HidingController.swift in Sources */ = {isa = PBXBuildFile; fileRef = 2F8F04FA223A47E800F36F93 /* HidingController.swift */; };
		2F8F053D223A47E800F36F93 /* DigitalKeyboard.swift in Sources */ = {isa = PBXBuildFile; fileRef = 2F8F04FB223A47E800F36F93 /* DigitalKeyboard.swift */; };
		2F8F053E223A47E800F36F93 /* WaterflowLayout.swift in Sources */ = {isa = PBXBuildFile; fileRef = 2F8F04FC223A47E800F36F93 /* WaterflowLayout.swift */; };
		2F8F053F223A47E800F36F93 /* NetworkHelper.swift in Sources */ = {isa = PBXBuildFile; fileRef = 2F8F04FE223A47E800F36F93 /* NetworkHelper.swift */; };
		2F8F0540223A47E800F36F93 /* NetworkManager.swift in Sources */ = {isa = PBXBuildFile; fileRef = 2F8F04FF223A47E800F36F93 /* NetworkManager.swift */; };
		2F8F0541223A47E800F36F93 /* NetworkConstant.swift in Sources */ = {isa = PBXBuildFile; fileRef = 2F8F0500223A47E800F36F93 /* NetworkConstant.swift */; };
		2F8F0542223A47E800F36F93 /* Then.swift in Sources */ = {isa = PBXBuildFile; fileRef = 2F8F0502223A47E800F36F93 /* Then.swift */; };
		2F8F0543223A47E800F36F93 /* TouchID.swift in Sources */ = {isa = PBXBuildFile; fileRef = 2F8F0503223A47E800F36F93 /* TouchID.swift */; };
		2F8F0544223A47E800F36F93 /* Constans.swift in Sources */ = {isa = PBXBuildFile; fileRef = 2F8F0506223A47E800F36F93 /* Constans.swift */; };
		2F8F0545223A47E800F36F93 /* AppConstant.swift in Sources */ = {isa = PBXBuildFile; fileRef = 2F8F0507223A47E800F36F93 /* AppConstant.swift */; };
		2F8F0548223A47E800F36F93 /* help.plist in Resources */ = {isa = PBXBuildFile; fileRef = 2F8F050B223A47E800F36F93 /* help.plist */; };
		2F8F0549223A47E800F36F93 /* UIButtonExtension.swift in Sources */ = {isa = PBXBuildFile; fileRef = 2F8F050E223A47E800F36F93 /* UIButtonExtension.swift */; };
		2F8F054A223A47E800F36F93 /* UIImageViewExtension.swift in Sources */ = {isa = PBXBuildFile; fileRef = 2F8F050F223A47E800F36F93 /* UIImageViewExtension.swift */; };
		2F8F054B223A47E800F36F93 /* UIColorExtension.swift in Sources */ = {isa = PBXBuildFile; fileRef = 2F8F0510223A47E800F36F93 /* UIColorExtension.swift */; };
		2F8F054C223A47E800F36F93 /* UITextViewExtension.swift in Sources */ = {isa = PBXBuildFile; fileRef = 2F8F0511223A47E800F36F93 /* UITextViewExtension.swift */; };
		2F8F054D223A47E800F36F93 /* UITextFieldExtension.swift in Sources */ = {isa = PBXBuildFile; fileRef = 2F8F0512223A47E800F36F93 /* UITextFieldExtension.swift */; };
		2F8F054E223A47E800F36F93 /* UILabelExtension.swift in Sources */ = {isa = PBXBuildFile; fileRef = 2F8F0513223A47E800F36F93 /* UILabelExtension.swift */; };
		2F8F054F223A47E800F36F93 /* UIViewControllerExtension.swift in Sources */ = {isa = PBXBuildFile; fileRef = 2F8F0514223A47E800F36F93 /* UIViewControllerExtension.swift */; };
		2F8F0550223A47E800F36F93 /* UITableViewExtension.swift in Sources */ = {isa = PBXBuildFile; fileRef = 2F8F0515223A47E800F36F93 /* UITableViewExtension.swift */; };
		2F8F0551223A47E800F36F93 /* UIViewExtension.swift in Sources */ = {isa = PBXBuildFile; fileRef = 2F8F0516223A47E800F36F93 /* UIViewExtension.swift */; };
		2F8F0552223A47E800F36F93 /* UIDeviceExtension.swift in Sources */ = {isa = PBXBuildFile; fileRef = 2F8F0517223A47E800F36F93 /* UIDeviceExtension.swift */; };
		2F8F0553223A47E800F36F93 /* UIFontExtension.swift in Sources */ = {isa = PBXBuildFile; fileRef = 2F8F0518223A47E800F36F93 /* UIFontExtension.swift */; };
		2F8F0554223A47E800F36F93 /* UIScrollViewExtension.swift in Sources */ = {isa = PBXBuildFile; fileRef = 2F8F0519223A47E800F36F93 /* UIScrollViewExtension.swift */; };
		2F8F0555223A47E800F36F93 /* UIWindowExtension.swift in Sources */ = {isa = PBXBuildFile; fileRef = 2F8F051A223A47E800F36F93 /* UIWindowExtension.swift */; };
		2F8F0556223A47E800F36F93 /* UIImageExtension.swift in Sources */ = {isa = PBXBuildFile; fileRef = 2F8F051B223A47E800F36F93 /* UIImageExtension.swift */; };
		2F8F0557223A47E800F36F93 /* AppExtension.swift in Sources */ = {isa = PBXBuildFile; fileRef = 2F8F051D223A47E800F36F93 /* AppExtension.swift */; };
		2F8F0558223A47E800F36F93 /* ArrayExtension.swift in Sources */ = {isa = PBXBuildFile; fileRef = 2F8F051E223A47E800F36F93 /* ArrayExtension.swift */; };
		2F8F0559223A47E800F36F93 /* URLExtension.swift in Sources */ = {isa = PBXBuildFile; fileRef = 2F8F051F223A47E800F36F93 /* URLExtension.swift */; };
		2F8F055A223A47E800F36F93 /* DataExtension.swift in Sources */ = {isa = PBXBuildFile; fileRef = 2F8F0520223A47E800F36F93 /* DataExtension.swift */; };
		2F8F055B223A47E800F36F93 /* StringExtension.swift in Sources */ = {isa = PBXBuildFile; fileRef = 2F8F0521223A47E800F36F93 /* StringExtension.swift */; };
		2F8F055C223A47E800F36F93 /* DictionaryExtension.swift in Sources */ = {isa = PBXBuildFile; fileRef = 2F8F0522223A47E800F36F93 /* DictionaryExtension.swift */; };
		2F8F055D223A47E800F36F93 /* DateExtension.swift in Sources */ = {isa = PBXBuildFile; fileRef = 2F8F0523223A47E800F36F93 /* DateExtension.swift */; };
		2F8F056E223A501200F36F93 /* FeedKit.framework in Frameworks */ = {isa = PBXBuildFile; fileRef = 2F8F056C223A501200F36F93 /* FeedKit.framework */; };
		2F8F056F223A501200F36F93 /* HandyJSON.framework in Frameworks */ = {isa = PBXBuildFile; fileRef = 2F8F056D223A501200F36F93 /* HandyJSON.framework */; };
		2F8F0573223A502600F36F93 /* SnapKit.framework in Frameworks */ = {isa = PBXBuildFile; fileRef = 2F8F0570223A502600F36F93 /* SnapKit.framework */; };
		2F8F0574223A502600F36F93 /* Networking.framework in Frameworks */ = {isa = PBXBuildFile; fileRef = 2F8F0571223A502600F36F93 /* Networking.framework */; };
		2F8F0575223A502600F36F93 /* Kingfisher.framework in Frameworks */ = {isa = PBXBuildFile; fileRef = 2F8F0572223A502600F36F93 /* Kingfisher.framework */; };
		2F8F057C223A507500F36F93 /* HomeController.swift in Sources */ = {isa = PBXBuildFile; fileRef = 2F8F057B223A507500F36F93 /* HomeController.swift */; };
		2F8F057E223A5E2400F36F93 /* FeedMenuController.swift in Sources */ = {isa = PBXBuildFile; fileRef = 2F8F057D223A5E2400F36F93 /* FeedMenuController.swift */; };
		2F8F0580223A6C6900F36F93 /* AddFeedCell.swift in Sources */ = {isa = PBXBuildFile; fileRef = 2F8F057F223A6C6900F36F93 /* AddFeedCell.swift */; };
		2FAAC2D6223BBC2C00848970 /* ArticleReaderController.swift in Sources */ = {isa = PBXBuildFile; fileRef = 2FAAC2D5223BBC2C00848970 /* ArticleReaderController.swift */; };
		2FB120EA2244F2840082F24A /* DTFoundation.framework in Frameworks */ = {isa = PBXBuildFile; fileRef = 2FB120E82244F2830082F24A /* DTFoundation.framework */; };
		2FB120EC2244F3240082F24A /* DTCoreText.framework in Frameworks */ = {isa = PBXBuildFile; fileRef = 2FB120E92244F2840082F24A /* DTCoreText.framework */; };
		2FB120ED2244F3240082F24A /* DTCoreText.framework in Embed Frameworks */ = {isa = PBXBuildFile; fileRef = 2FB120E92244F2840082F24A /* DTCoreText.framework */; settings = {ATTRIBUTES = (CodeSignOnCopy, RemoveHeadersOnCopy, ); }; };
		2FB120EF2244F3240082F24A /* DTFoundation.framework in Embed Frameworks */ = {isa = PBXBuildFile; fileRef = 2FB120E82244F2830082F24A /* DTFoundation.framework */; settings = {ATTRIBUTES = (CodeSignOnCopy, RemoveHeadersOnCopy, ); }; };
		2FCCA1D822437A1200CF321B /* AddFoldView.swift in Sources */ = {isa = PBXBuildFile; fileRef = 2FCCA1D722437A1200CF321B /* AddFoldView.swift */; };
		2FCCA1DA22437A1F00CF321B /* AddFoldView.xib in Resources */ = {isa = PBXBuildFile; fileRef = 2FCCA1D922437A1F00CF321B /* AddFoldView.xib */; };
		2FCCA1DC224388D000CF321B /* FoldListView.swift in Sources */ = {isa = PBXBuildFile; fileRef = 2FCCA1DB224388D000CF321B /* FoldListView.swift */; };
		2FCCA1DE224388DD00CF321B /* FoldListView.xib in Resources */ = {isa = PBXBuildFile; fileRef = 2FCCA1DD224388DD00CF321B /* FoldListView.xib */; };
/* End PBXBuildFile section */

/* Begin PBXCopyFilesBuildPhase section */
		2FB120F02244F3240082F24A /* Embed Frameworks */ = {
			isa = PBXCopyFilesBuildPhase;
			buildActionMask = 2147483647;
			dstPath = "";
			dstSubfolderSpec = 10;
			files = (
				2FB120ED2244F3240082F24A /* DTCoreText.framework in Embed Frameworks */,
				2FB120EF2244F3240082F24A /* DTFoundation.framework in Embed Frameworks */,
			);
			name = "Embed Frameworks";
			runOnlyForDeploymentPostprocessing = 0;
		};
/* End PBXCopyFilesBuildPhase section */

/* Begin PBXFileReference section */
		2F2A88962240D9C200C8A368 /* NoticeTool.swift */ = {isa = PBXFileReference; lastKnownFileType = sourcecode.swift; path = NoticeTool.swift; sourceTree = "<group>"; };
		2F2A88982240E32D00C8A368 /* FeedManager.swift */ = {isa = PBXFileReference; lastKnownFileType = sourcecode.swift; path = FeedManager.swift; sourceTree = "<group>"; };
		2F2A889A2240F6C200C8A368 /* FeedTool.swift */ = {isa = PBXFileReference; lastKnownFileType = sourcecode.swift; path = FeedTool.swift; sourceTree = "<group>"; };
		2F2A889C2241033500C8A368 /* ArticleListController.swift */ = {isa = PBXFileReference; lastKnownFileType = sourcecode.swift; path = ArticleListController.swift; sourceTree = "<group>"; };
		2F524C00223B5BC9006F5C10 /* SwiftMessages.framework */ = {isa = PBXFileReference; lastKnownFileType = wrapper.framework; name = SwiftMessages.framework; path = Carthage/Build/iOS/SwiftMessages.framework; sourceTree = SOURCE_ROOT; };
		2F524C0A223B9DD1006F5C10 /* SettingController.swift */ = {isa = PBXFileReference; lastKnownFileType = sourcecode.swift; path = SettingController.swift; sourceTree = "<group>"; };
		2F610152224338D2006C8379 /* ShareTool.swift */ = {isa = PBXFileReference; lastKnownFileType = sourcecode.swift; path = ShareTool.swift; sourceTree = "<group>"; };
		2F61015422435D88006C8379 /* RenameFeedView.swift */ = {isa = PBXFileReference; lastKnownFileType = sourcecode.swift; path = RenameFeedView.swift; sourceTree = "<group>"; };
		2F61015622435D93006C8379 /* RenameFeedView.xib */ = {isa = PBXFileReference; lastKnownFileType = file.xib; path = RenameFeedView.xib; sourceTree = "<group>"; };
		2F7153D822420158000C7B8D /* NVActivityIndicatorAnimationDelegate.swift */ = {isa = PBXFileReference; fileEncoding = 4; lastKnownFileType = sourcecode.swift; path = NVActivityIndicatorAnimationDelegate.swift; sourceTree = "<group>"; };
		2F7153DA22420158000C7B8D /* NVActivityIndicatorPresenter.swift */ = {isa = PBXFileReference; fileEncoding = 4; lastKnownFileType = sourcecode.swift; path = NVActivityIndicatorPresenter.swift; sourceTree = "<group>"; };
		2F7153DB22420158000C7B8D /* NVActivityIndicatorViewable.swift */ = {isa = PBXFileReference; fileEncoding = 4; lastKnownFileType = sourcecode.swift; path = NVActivityIndicatorViewable.swift; sourceTree = "<group>"; };
		2F7153DC22420158000C7B8D /* NVActivityIndicatorShape.swift */ = {isa = PBXFileReference; fileEncoding = 4; lastKnownFileType = sourcecode.swift; path = NVActivityIndicatorShape.swift; sourceTree = "<group>"; };
		2F7153DD22420158000C7B8D /* NVActivityIndicatorView.swift */ = {isa = PBXFileReference; fileEncoding = 4; lastKnownFileType = sourcecode.swift; path = NVActivityIndicatorView.swift; sourceTree = "<group>"; };
		2F7153DF22420158000C7B8D /* NVActivityIndicatorAnimationBallRotate.swift */ = {isa = PBXFileReference; fileEncoding = 4; lastKnownFileType = sourcecode.swift; path = NVActivityIndicatorAnimationBallRotate.swift; sourceTree = "<group>"; };
		2F7153E022420158000C7B8D /* NVActivityIndicatorAnimationBallGridPulse.swift */ = {isa = PBXFileReference; fileEncoding = 4; lastKnownFileType = sourcecode.swift; path = NVActivityIndicatorAnimationBallGridPulse.swift; sourceTree = "<group>"; };
		2F7153E122420158000C7B8D /* NVActivityIndicatorAnimationBallClipRotate.swift */ = {isa = PBXFileReference; fileEncoding = 4; lastKnownFileType = sourcecode.swift; path = NVActivityIndicatorAnimationBallClipRotate.swift; sourceTree = "<group>"; };
		2F7153E222420158000C7B8D /* NVActivityIndicatorAnimationBallClipRotateMultiple.swift */ = {isa = PBXFileReference; fileEncoding = 4; lastKnownFileType = sourcecode.swift; path = NVActivityIndicatorAnimationBallClipRotateMultiple.swift; sourceTree = "<group>"; };
		2F7153E322420158000C7B8D /* NVActivityIndicatorAnimationBallTrianglePath.swift */ = {isa = PBXFileReference; fileEncoding = 4; lastKnownFileType = sourcecode.swift; path = NVActivityIndicatorAnimationBallTrianglePath.swift; sourceTree = "<group>"; };
		2F7153E422420158000C7B8D /* NVActivityIndicatorAnimationBallDoubleBounce.swift */ = {isa = PBXFileReference; fileEncoding = 4; lastKnownFileType = sourcecode.swift; path = NVActivityIndicatorAnimationBallDoubleBounce.swift; sourceTree = "<group>"; };
		2F7153E522420158000C7B8D /* NVActivityIndicatorAnimationLineScalePulseOut.swift */ = {isa = PBXFileReference; fileEncoding = 4; lastKnownFileType = sourcecode.swift; path = NVActivityIndicatorAnimationLineScalePulseOut.swift; sourceTree = "<group>"; };
		2F7153E622420158000C7B8D /* NVActivityIndicatorAnimationLineSpinFadeLoader.swift */ = {isa = PBXFileReference; fileEncoding = 4; lastKnownFileType = sourcecode.swift; path = NVActivityIndicatorAnimationLineSpinFadeLoader.swift; sourceTree = "<group>"; };
		2F7153E722420158000C7B8D /* NVActivityIndicatorAnimationBallZigZagDeflect.swift */ = {isa = PBXFileReference; fileEncoding = 4; lastKnownFileType = sourcecode.swift; path = NVActivityIndicatorAnimationBallZigZagDeflect.swift; sourceTree = "<group>"; };
		2F7153E822420158000C7B8D /* NVActivityIndicatorAnimationBallScale.swift */ = {isa = PBXFileReference; fileEncoding = 4; lastKnownFileType = sourcecode.swift; path = NVActivityIndicatorAnimationBallScale.swift; sourceTree = "<group>"; };
		2F7153E922420158000C7B8D /* NVActivityIndicatorAnimationBallZigZag.swift */ = {isa = PBXFileReference; fileEncoding = 4; lastKnownFileType = sourcecode.swift; path = NVActivityIndicatorAnimationBallZigZag.swift; sourceTree = "<group>"; };
		2F7153EA22420158000C7B8D /* NVActivityIndicatorAnimationBallBeat.swift */ = {isa = PBXFileReference; fileEncoding = 4; lastKnownFileType = sourcecode.swift; path = NVActivityIndicatorAnimationBallBeat.swift; sourceTree = "<group>"; };
		2F7153EB22420158000C7B8D /* NVActivityIndicatorAnimationSemiCircleSpin.swift */ = {isa = PBXFileReference; fileEncoding = 4; lastKnownFileType = sourcecode.swift; path = NVActivityIndicatorAnimationSemiCircleSpin.swift; sourceTree = "<group>"; };
		2F7153EC22420158000C7B8D /* NVActivityIndicatorAnimationBallScaleRipple.swift */ = {isa = PBXFileReference; fileEncoding = 4; lastKnownFileType = sourcecode.swift; path = NVActivityIndicatorAnimationBallScaleRipple.swift; sourceTree = "<group>"; };
		2F7153ED22420158000C7B8D /* NVActivityIndicatorAnimationBallClipRotatePulse.swift */ = {isa = PBXFileReference; fileEncoding = 4; lastKnownFileType = sourcecode.swift; path = NVActivityIndicatorAnimationBallClipRotatePulse.swift; sourceTree = "<group>"; };
		2F7153EE22420158000C7B8D /* NVActivityIndicatorAnimationSquareSpin.swift */ = {isa = PBXFileReference; fileEncoding = 4; lastKnownFileType = sourcecode.swift; path = NVActivityIndicatorAnimationSquareSpin.swift; sourceTree = "<group>"; };
		2F7153EF22420158000C7B8D /* NVActivityIndicatorAnimationBallRotateChase.swift */ = {isa = PBXFileReference; fileEncoding = 4; lastKnownFileType = sourcecode.swift; path = NVActivityIndicatorAnimationBallRotateChase.swift; sourceTree = "<group>"; };
		2F7153F022420158000C7B8D /* NVActivityIndicatorAnimationBallPulse.swift */ = {isa = PBXFileReference; fileEncoding = 4; lastKnownFileType = sourcecode.swift; path = NVActivityIndicatorAnimationBallPulse.swift; sourceTree = "<group>"; };
		2F7153F122420158000C7B8D /* NVActivityIndicatorAnimationBlank.swift */ = {isa = PBXFileReference; fileEncoding = 4; lastKnownFileType = sourcecode.swift; path = NVActivityIndicatorAnimationBlank.swift; sourceTree = "<group>"; };
		2F7153F222420158000C7B8D /* NVActivityIndicatorAnimationCircleStrokeSpin.swift */ = {isa = PBXFileReference; fileEncoding = 4; lastKnownFileType = sourcecode.swift; path = NVActivityIndicatorAnimationCircleStrokeSpin.swift; sourceTree = "<group>"; };
		2F7153F322420158000C7B8D /* NVActivityIndicatorAnimationAudioEqualizer.swift */ = {isa = PBXFileReference; fileEncoding = 4; lastKnownFileType = sourcecode.swift; path = NVActivityIndicatorAnimationAudioEqualizer.swift; sourceTree = "<group>"; };
		2F7153F422420158000C7B8D /* NVActivityIndicatorAnimationTriangleSkewSpin.swift */ = {isa = PBXFileReference; fileEncoding = 4; lastKnownFileType = sourcecode.swift; path = NVActivityIndicatorAnimationTriangleSkewSpin.swift; sourceTree = "<group>"; };
		2F7153F522420158000C7B8D /* NVActivityIndicatorAnimationBallGridBeat.swift */ = {isa = PBXFileReference; fileEncoding = 4; lastKnownFileType = sourcecode.swift; path = NVActivityIndicatorAnimationBallGridBeat.swift; sourceTree = "<group>"; };
		2F7153F622420158000C7B8D /* NVActivityIndicatorAnimationBallScaleMultiple.swift */ = {isa = PBXFileReference; fileEncoding = 4; lastKnownFileType = sourcecode.swift; path = NVActivityIndicatorAnimationBallScaleMultiple.swift; sourceTree = "<group>"; };
		2F7153F722420158000C7B8D /* NVActivityIndicatorAnimationLineScale.swift */ = {isa = PBXFileReference; fileEncoding = 4; lastKnownFileType = sourcecode.swift; path = NVActivityIndicatorAnimationLineScale.swift; sourceTree = "<group>"; };
		2F7153F822420158000C7B8D /* NVActivityIndicatorAnimationBallScaleRippleMultiple.swift */ = {isa = PBXFileReference; fileEncoding = 4; lastKnownFileType = sourcecode.swift; path = NVActivityIndicatorAnimationBallScaleRippleMultiple.swift; sourceTree = "<group>"; };
		2F7153F922420158000C7B8D /* NVActivityIndicatorAnimationPacman.swift */ = {isa = PBXFileReference; fileEncoding = 4; lastKnownFileType = sourcecode.swift; path = NVActivityIndicatorAnimationPacman.swift; sourceTree = "<group>"; };
		2F7153FA22420158000C7B8D /* NVActivityIndicatorAnimationBallPulseSync.swift */ = {isa = PBXFileReference; fileEncoding = 4; lastKnownFileType = sourcecode.swift; path = NVActivityIndicatorAnimationBallPulseSync.swift; sourceTree = "<group>"; };
		2F7153FB22420158000C7B8D /* NVActivityIndicatorAnimationCubeTransition.swift */ = {isa = PBXFileReference; fileEncoding = 4; lastKnownFileType = sourcecode.swift; path = NVActivityIndicatorAnimationCubeTransition.swift; sourceTree = "<group>"; };
		2F7153FC22420158000C7B8D /* NVActivityIndicatorAnimationBallSpinFadeLoader.swift */ = {isa = PBXFileReference; fileEncoding = 4; lastKnownFileType = sourcecode.swift; path = NVActivityIndicatorAnimationBallSpinFadeLoader.swift; sourceTree = "<group>"; };
		2F7153FD22420158000C7B8D /* NVActivityIndicatorAnimationLineScaleParty.swift */ = {isa = PBXFileReference; fileEncoding = 4; lastKnownFileType = sourcecode.swift; path = NVActivityIndicatorAnimationLineScaleParty.swift; sourceTree = "<group>"; };
		2F7153FE22420158000C7B8D /* NVActivityIndicatorAnimationLineScalePulseOutRapid.swift */ = {isa = PBXFileReference; fileEncoding = 4; lastKnownFileType = sourcecode.swift; path = NVActivityIndicatorAnimationLineScalePulseOutRapid.swift; sourceTree = "<group>"; };
		2F7153FF22420158000C7B8D /* NVActivityIndicatorAnimationBallPulseRise.swift */ = {isa = PBXFileReference; fileEncoding = 4; lastKnownFileType = sourcecode.swift; path = NVActivityIndicatorAnimationBallPulseRise.swift; sourceTree = "<group>"; };
		2F71540022420158000C7B8D /* NVActivityIndicatorAnimationOrbit.swift */ = {isa = PBXFileReference; fileEncoding = 4; lastKnownFileType = sourcecode.swift; path = NVActivityIndicatorAnimationOrbit.swift; sourceTree = "<group>"; };
		2F71540122420158000C7B8D /* SwiftNotice.swift */ = {isa = PBXFileReference; fileEncoding = 4; lastKnownFileType = sourcecode.swift; path = SwiftNotice.swift; sourceTree = "<group>"; };
		2F71542B2242153D000C7B8D /* SwipeCellKit.framework */ = {isa = PBXFileReference; lastKnownFileType = wrapper.framework; name = SwipeCellKit.framework; path = Carthage/Build/iOS/SwipeCellKit.framework; sourceTree = SOURCE_ROOT; };
		2F71542E22422ED1000C7B8D /* PreferenceController.swift */ = {isa = PBXFileReference; lastKnownFileType = sourcecode.swift; path = PreferenceController.swift; sourceTree = "<group>"; };
		2F71543022423C8B000C7B8D /* AuthIDController.swift */ = {isa = PBXFileReference; lastKnownFileType = sourcecode.swift; path = AuthIDController.swift; sourceTree = "<group>"; };
		2F77C9AF2240939F0051872E /* Realm.framework */ = {isa = PBXFileReference; lastKnownFileType = wrapper.framework; name = Realm.framework; path = Carthage/Build/iOS/Realm.framework; sourceTree = SOURCE_ROOT; };
		2F77C9B1224094470051872E /* RealmSwift.framework */ = {isa = PBXFileReference; lastKnownFileType = wrapper.framework; name = RealmSwift.framework; path = Carthage/Build/iOS/RealmSwift.framework; sourceTree = SOURCE_ROOT; };
		2F77C9B522409D5E0051872E /* MyFeed.swift */ = {isa = PBXFileReference; lastKnownFileType = sourcecode.swift; path = MyFeed.swift; sourceTree = "<group>"; };
		2F77C9B822409F440051872E /* RealmConfig.swift */ = {isa = PBXFileReference; lastKnownFileType = sourcecode.swift; path = RealmConfig.swift; sourceTree = "<group>"; };
		2F77C9BB2240B1220051872E /* AddFeedView.swift */ = {isa = PBXFileReference; lastKnownFileType = sourcecode.swift; path = AddFeedView.swift; sourceTree = "<group>"; };
		2F77C9BD2240B1330051872E /* AddFeedView.xib */ = {isa = PBXFileReference; lastKnownFileType = file.xib; path = AddFeedView.xib; sourceTree = "<group>"; };
		2F8F04C2223A46DE00F36F93 /* RSSReader.app */ = {isa = PBXFileReference; explicitFileType = wrapper.application; includeInIndex = 0; path = RSSReader.app; sourceTree = BUILT_PRODUCTS_DIR; };
		2F8F04C5223A46DE00F36F93 /* AppDelegate.swift */ = {isa = PBXFileReference; lastKnownFileType = sourcecode.swift; path = AppDelegate.swift; sourceTree = "<group>"; };
		2F8F04CA223A46DE00F36F93 /* Base */ = {isa = PBXFileReference; lastKnownFileType = file.storyboard; name = Base; path = Base.lproj/Main.storyboard; sourceTree = "<group>"; };
		2F8F04CC223A46DE00F36F93 /* Assets.xcassets */ = {isa = PBXFileReference; lastKnownFileType = folder.assetcatalog; path = Assets.xcassets; sourceTree = "<group>"; };
		2F8F04CF223A46DE00F36F93 /* Base */ = {isa = PBXFileReference; lastKnownFileType = file.storyboard; name = Base; path = Base.lproj/LaunchScreen.storyboard; sourceTree = "<group>"; };
		2F8F04D1223A46DE00F36F93 /* Info.plist */ = {isa = PBXFileReference; lastKnownFileType = text.plist.xml; path = Info.plist; sourceTree = "<group>"; };
		2F8F04F9223A47E800F36F93 /* HidingManager.swift */ = {isa = PBXFileReference; fileEncoding = 4; lastKnownFileType = sourcecode.swift; path = HidingManager.swift; sourceTree = "<group>"; };
		2F8F04FA223A47E800F36F93 /* HidingController.swift */ = {isa = PBXFileReference; fileEncoding = 4; lastKnownFileType = sourcecode.swift; path = HidingController.swift; sourceTree = "<group>"; };
		2F8F04FB223A47E800F36F93 /* DigitalKeyboard.swift */ = {isa = PBXFileReference; fileEncoding = 4; lastKnownFileType = sourcecode.swift; path = DigitalKeyboard.swift; sourceTree = "<group>"; };
		2F8F04FC223A47E800F36F93 /* WaterflowLayout.swift */ = {isa = PBXFileReference; fileEncoding = 4; lastKnownFileType = sourcecode.swift; path = WaterflowLayout.swift; sourceTree = "<group>"; };
		2F8F04FE223A47E800F36F93 /* NetworkHelper.swift */ = {isa = PBXFileReference; fileEncoding = 4; lastKnownFileType = sourcecode.swift; path = NetworkHelper.swift; sourceTree = "<group>"; };
		2F8F04FF223A47E800F36F93 /* NetworkManager.swift */ = {isa = PBXFileReference; fileEncoding = 4; lastKnownFileType = sourcecode.swift; path = NetworkManager.swift; sourceTree = "<group>"; };
		2F8F0500223A47E800F36F93 /* NetworkConstant.swift */ = {isa = PBXFileReference; fileEncoding = 4; lastKnownFileType = sourcecode.swift; path = NetworkConstant.swift; sourceTree = "<group>"; };
		2F8F0502223A47E800F36F93 /* Then.swift */ = {isa = PBXFileReference; fileEncoding = 4; lastKnownFileType = sourcecode.swift; path = Then.swift; sourceTree = "<group>"; };
		2F8F0503223A47E800F36F93 /* TouchID.swift */ = {isa = PBXFileReference; fileEncoding = 4; lastKnownFileType = sourcecode.swift; path = TouchID.swift; sourceTree = "<group>"; };
		2F8F0506223A47E800F36F93 /* Constans.swift */ = {isa = PBXFileReference; fileEncoding = 4; lastKnownFileType = sourcecode.swift; path = Constans.swift; sourceTree = "<group>"; };
		2F8F0507223A47E800F36F93 /* AppConstant.swift */ = {isa = PBXFileReference; fileEncoding = 4; lastKnownFileType = sourcecode.swift; path = AppConstant.swift; sourceTree = "<group>"; };
		2F8F050B223A47E800F36F93 /* help.plist */ = {isa = PBXFileReference; fileEncoding = 4; lastKnownFileType = text.plist.xml; path = help.plist; sourceTree = "<group>"; };
		2F8F050E223A47E800F36F93 /* UIButtonExtension.swift */ = {isa = PBXFileReference; fileEncoding = 4; lastKnownFileType = sourcecode.swift; path = UIButtonExtension.swift; sourceTree = "<group>"; };
		2F8F050F223A47E800F36F93 /* UIImageViewExtension.swift */ = {isa = PBXFileReference; fileEncoding = 4; lastKnownFileType = sourcecode.swift; path = UIImageViewExtension.swift; sourceTree = "<group>"; };
		2F8F0510223A47E800F36F93 /* UIColorExtension.swift */ = {isa = PBXFileReference; fileEncoding = 4; lastKnownFileType = sourcecode.swift; path = UIColorExtension.swift; sourceTree = "<group>"; };
		2F8F0511223A47E800F36F93 /* UITextViewExtension.swift */ = {isa = PBXFileReference; fileEncoding = 4; lastKnownFileType = sourcecode.swift; path = UITextViewExtension.swift; sourceTree = "<group>"; };
		2F8F0512223A47E800F36F93 /* UITextFieldExtension.swift */ = {isa = PBXFileReference; fileEncoding = 4; lastKnownFileType = sourcecode.swift; path = UITextFieldExtension.swift; sourceTree = "<group>"; };
		2F8F0513223A47E800F36F93 /* UILabelExtension.swift */ = {isa = PBXFileReference; fileEncoding = 4; lastKnownFileType = sourcecode.swift; path = UILabelExtension.swift; sourceTree = "<group>"; };
		2F8F0514223A47E800F36F93 /* UIViewControllerExtension.swift */ = {isa = PBXFileReference; fileEncoding = 4; lastKnownFileType = sourcecode.swift; path = UIViewControllerExtension.swift; sourceTree = "<group>"; };
		2F8F0515223A47E800F36F93 /* UITableViewExtension.swift */ = {isa = PBXFileReference; fileEncoding = 4; lastKnownFileType = sourcecode.swift; path = UITableViewExtension.swift; sourceTree = "<group>"; };
		2F8F0516223A47E800F36F93 /* UIViewExtension.swift */ = {isa = PBXFileReference; fileEncoding = 4; lastKnownFileType = sourcecode.swift; path = UIViewExtension.swift; sourceTree = "<group>"; };
		2F8F0517223A47E800F36F93 /* UIDeviceExtension.swift */ = {isa = PBXFileReference; fileEncoding = 4; lastKnownFileType = sourcecode.swift; path = UIDeviceExtension.swift; sourceTree = "<group>"; };
		2F8F0518223A47E800F36F93 /* UIFontExtension.swift */ = {isa = PBXFileReference; fileEncoding = 4; lastKnownFileType = sourcecode.swift; path = UIFontExtension.swift; sourceTree = "<group>"; };
		2F8F0519223A47E800F36F93 /* UIScrollViewExtension.swift */ = {isa = PBXFileReference; fileEncoding = 4; lastKnownFileType = sourcecode.swift; path = UIScrollViewExtension.swift; sourceTree = "<group>"; };
		2F8F051A223A47E800F36F93 /* UIWindowExtension.swift */ = {isa = PBXFileReference; fileEncoding = 4; lastKnownFileType = sourcecode.swift; path = UIWindowExtension.swift; sourceTree = "<group>"; };
		2F8F051B223A47E800F36F93 /* UIImageExtension.swift */ = {isa = PBXFileReference; fileEncoding = 4; lastKnownFileType = sourcecode.swift; path = UIImageExtension.swift; sourceTree = "<group>"; };
		2F8F051D223A47E800F36F93 /* AppExtension.swift */ = {isa = PBXFileReference; fileEncoding = 4; lastKnownFileType = sourcecode.swift; path = AppExtension.swift; sourceTree = "<group>"; };
		2F8F051E223A47E800F36F93 /* ArrayExtension.swift */ = {isa = PBXFileReference; fileEncoding = 4; lastKnownFileType = sourcecode.swift; path = ArrayExtension.swift; sourceTree = "<group>"; };
		2F8F051F223A47E800F36F93 /* URLExtension.swift */ = {isa = PBXFileReference; fileEncoding = 4; lastKnownFileType = sourcecode.swift; path = URLExtension.swift; sourceTree = "<group>"; };
		2F8F0520223A47E800F36F93 /* DataExtension.swift */ = {isa = PBXFileReference; fileEncoding = 4; lastKnownFileType = sourcecode.swift; path = DataExtension.swift; sourceTree = "<group>"; };
		2F8F0521223A47E800F36F93 /* StringExtension.swift */ = {isa = PBXFileReference; fileEncoding = 4; lastKnownFileType = sourcecode.swift; path = StringExtension.swift; sourceTree = "<group>"; };
		2F8F0522223A47E800F36F93 /* DictionaryExtension.swift */ = {isa = PBXFileReference; fileEncoding = 4; lastKnownFileType = sourcecode.swift; path = DictionaryExtension.swift; sourceTree = "<group>"; };
		2F8F0523223A47E800F36F93 /* DateExtension.swift */ = {isa = PBXFileReference; fileEncoding = 4; lastKnownFileType = sourcecode.swift; path = DateExtension.swift; sourceTree = "<group>"; };
		2F8F056C223A501200F36F93 /* FeedKit.framework */ = {isa = PBXFileReference; lastKnownFileType = wrapper.framework; name = FeedKit.framework; path = Carthage/Build/iOS/FeedKit.framework; sourceTree = SOURCE_ROOT; };
		2F8F056D223A501200F36F93 /* HandyJSON.framework */ = {isa = PBXFileReference; lastKnownFileType = wrapper.framework; name = HandyJSON.framework; path = Carthage/Build/iOS/HandyJSON.framework; sourceTree = SOURCE_ROOT; };
		2F8F0570223A502600F36F93 /* SnapKit.framework */ = {isa = PBXFileReference; lastKnownFileType = wrapper.framework; name = SnapKit.framework; path = Carthage/Build/iOS/SnapKit.framework; sourceTree = SOURCE_ROOT; };
		2F8F0571223A502600F36F93 /* Networking.framework */ = {isa = PBXFileReference; lastKnownFileType = wrapper.framework; name = Networking.framework; path = Carthage/Build/iOS/Networking.framework; sourceTree = SOURCE_ROOT; };
		2F8F0572223A502600F36F93 /* Kingfisher.framework */ = {isa = PBXFileReference; lastKnownFileType = wrapper.framework; name = Kingfisher.framework; path = Carthage/Build/iOS/Kingfisher.framework; sourceTree = SOURCE_ROOT; };
		2F8F057B223A507500F36F93 /* HomeController.swift */ = {isa = PBXFileReference; lastKnownFileType = sourcecode.swift; path = HomeController.swift; sourceTree = "<group>"; };
		2F8F057D223A5E2400F36F93 /* FeedMenuController.swift */ = {isa = PBXFileReference; lastKnownFileType = sourcecode.swift; path = FeedMenuController.swift; sourceTree = "<group>"; };
		2F8F057F223A6C6900F36F93 /* AddFeedCell.swift */ = {isa = PBXFileReference; lastKnownFileType = sourcecode.swift; path = AddFeedCell.swift; sourceTree = "<group>"; };
		2FAAC2D5223BBC2C00848970 /* ArticleReaderController.swift */ = {isa = PBXFileReference; lastKnownFileType = sourcecode.swift; path = ArticleReaderController.swift; sourceTree = "<group>"; };
		2FB120E82244F2830082F24A /* DTFoundation.framework */ = {isa = PBXFileReference; lastKnownFileType = wrapper.framework; path = DTFoundation.framework; sourceTree = "<group>"; };
		2FB120E92244F2840082F24A /* DTCoreText.framework */ = {isa = PBXFileReference; lastKnownFileType = wrapper.framework; path = DTCoreText.framework; sourceTree = "<group>"; };
		2FCCA1D722437A1200CF321B /* AddFoldView.swift */ = {isa = PBXFileReference; lastKnownFileType = sourcecode.swift; path = AddFoldView.swift; sourceTree = "<group>"; };
		2FCCA1D922437A1F00CF321B /* AddFoldView.xib */ = {isa = PBXFileReference; lastKnownFileType = file.xib; path = AddFoldView.xib; sourceTree = "<group>"; };
		2FCCA1DB224388D000CF321B /* FoldListView.swift */ = {isa = PBXFileReference; lastKnownFileType = sourcecode.swift; path = FoldListView.swift; sourceTree = "<group>"; };
		2FCCA1DD224388DD00CF321B /* FoldListView.xib */ = {isa = PBXFileReference; lastKnownFileType = file.xib; path = FoldListView.xib; sourceTree = "<group>"; };
/* End PBXFileReference section */

/* Begin PBXFrameworksBuildPhase section */
		2F8F04BF223A46DE00F36F93 /* Frameworks */ = {
			isa = PBXFrameworksBuildPhase;
			buildActionMask = 2147483647;
			files = (
				2F71542C2242153D000C7B8D /* SwipeCellKit.framework in Frameworks */,
				2FB120EC2244F3240082F24A /* DTCoreText.framework in Frameworks */,
				2F77C9B2224094470051872E /* RealmSwift.framework in Frameworks */,
				2F77C9B02240939F0051872E /* Realm.framework in Frameworks */,
				2F524C01223B5BCA006F5C10 /* SwiftMessages.framework in Frameworks */,
				2F8F0573223A502600F36F93 /* SnapKit.framework in Frameworks */,
				2F8F0574223A502600F36F93 /* Networking.framework in Frameworks */,
				2F8F0575223A502600F36F93 /* Kingfisher.framework in Frameworks */,
				2F8F056E223A501200F36F93 /* FeedKit.framework in Frameworks */,
				2F8F056F223A501200F36F93 /* HandyJSON.framework in Frameworks */,
				2FB120EA2244F2840082F24A /* DTFoundation.framework in Frameworks */,
			);
			runOnlyForDeploymentPostprocessing = 0;
		};
/* End PBXFrameworksBuildPhase section */

/* Begin PBXGroup section */
		2F7153D622420158000C7B8D /* HudIndicator */ = {
			isa = PBXGroup;
			children = (
				2F7153D722420158000C7B8D /* ActivityIndicator */,
				2F71540122420158000C7B8D /* SwiftNotice.swift */,
			);
			path = HudIndicator;
			sourceTree = "<group>";
		};
		2F7153D722420158000C7B8D /* ActivityIndicator */ = {
			isa = PBXGroup;
			children = (
				2F7153D822420158000C7B8D /* NVActivityIndicatorAnimationDelegate.swift */,
				2F7153D922420158000C7B8D /* Presenter */,
				2F7153DC22420158000C7B8D /* NVActivityIndicatorShape.swift */,
				2F7153DD22420158000C7B8D /* NVActivityIndicatorView.swift */,
				2F7153DE22420158000C7B8D /* Animations */,
			);
			path = ActivityIndicator;
			sourceTree = "<group>";
		};
		2F7153D922420158000C7B8D /* Presenter */ = {
			isa = PBXGroup;
			children = (
				2F7153DA22420158000C7B8D /* NVActivityIndicatorPresenter.swift */,
				2F7153DB22420158000C7B8D /* NVActivityIndicatorViewable.swift */,
			);
			path = Presenter;
			sourceTree = "<group>";
		};
		2F7153DE22420158000C7B8D /* Animations */ = {
			isa = PBXGroup;
			children = (
				2F7153DF22420158000C7B8D /* NVActivityIndicatorAnimationBallRotate.swift */,
				2F7153E022420158000C7B8D /* NVActivityIndicatorAnimationBallGridPulse.swift */,
				2F7153E122420158000C7B8D /* NVActivityIndicatorAnimationBallClipRotate.swift */,
				2F7153E222420158000C7B8D /* NVActivityIndicatorAnimationBallClipRotateMultiple.swift */,
				2F7153E322420158000C7B8D /* NVActivityIndicatorAnimationBallTrianglePath.swift */,
				2F7153E422420158000C7B8D /* NVActivityIndicatorAnimationBallDoubleBounce.swift */,
				2F7153E522420158000C7B8D /* NVActivityIndicatorAnimationLineScalePulseOut.swift */,
				2F7153E622420158000C7B8D /* NVActivityIndicatorAnimationLineSpinFadeLoader.swift */,
				2F7153E722420158000C7B8D /* NVActivityIndicatorAnimationBallZigZagDeflect.swift */,
				2F7153E822420158000C7B8D /* NVActivityIndicatorAnimationBallScale.swift */,
				2F7153E922420158000C7B8D /* NVActivityIndicatorAnimationBallZigZag.swift */,
				2F7153EA22420158000C7B8D /* NVActivityIndicatorAnimationBallBeat.swift */,
				2F7153EB22420158000C7B8D /* NVActivityIndicatorAnimationSemiCircleSpin.swift */,
				2F7153EC22420158000C7B8D /* NVActivityIndicatorAnimationBallScaleRipple.swift */,
				2F7153ED22420158000C7B8D /* NVActivityIndicatorAnimationBallClipRotatePulse.swift */,
				2F7153EE22420158000C7B8D /* NVActivityIndicatorAnimationSquareSpin.swift */,
				2F7153EF22420158000C7B8D /* NVActivityIndicatorAnimationBallRotateChase.swift */,
				2F7153F022420158000C7B8D /* NVActivityIndicatorAnimationBallPulse.swift */,
				2F7153F122420158000C7B8D /* NVActivityIndicatorAnimationBlank.swift */,
				2F7153F222420158000C7B8D /* NVActivityIndicatorAnimationCircleStrokeSpin.swift */,
				2F7153F322420158000C7B8D /* NVActivityIndicatorAnimationAudioEqualizer.swift */,
				2F7153F422420158000C7B8D /* NVActivityIndicatorAnimationTriangleSkewSpin.swift */,
				2F7153F522420158000C7B8D /* NVActivityIndicatorAnimationBallGridBeat.swift */,
				2F7153F622420158000C7B8D /* NVActivityIndicatorAnimationBallScaleMultiple.swift */,
				2F7153F722420158000C7B8D /* NVActivityIndicatorAnimationLineScale.swift */,
				2F7153F822420158000C7B8D /* NVActivityIndicatorAnimationBallScaleRippleMultiple.swift */,
				2F7153F922420158000C7B8D /* NVActivityIndicatorAnimationPacman.swift */,
				2F7153FA22420158000C7B8D /* NVActivityIndicatorAnimationBallPulseSync.swift */,
				2F7153FB22420158000C7B8D /* NVActivityIndicatorAnimationCubeTransition.swift */,
				2F7153FC22420158000C7B8D /* NVActivityIndicatorAnimationBallSpinFadeLoader.swift */,
				2F7153FD22420158000C7B8D /* NVActivityIndicatorAnimationLineScaleParty.swift */,
				2F7153FE22420158000C7B8D /* NVActivityIndicatorAnimationLineScalePulseOutRapid.swift */,
				2F7153FF22420158000C7B8D /* NVActivityIndicatorAnimationBallPulseRise.swift */,
				2F71540022420158000C7B8D /* NVActivityIndicatorAnimationOrbit.swift */,
			);
			path = Animations;
			sourceTree = "<group>";
		};
		2F77C9B722409F140051872E /* Realm */ = {
			isa = PBXGroup;
			children = (
				2F77C9B822409F440051872E /* RealmConfig.swift */,
			);
			path = Realm;
			sourceTree = "<group>";
		};
		2F8F04B9223A46DE00F36F93 = {
			isa = PBXGroup;
			children = (
				2F8F04C4223A46DE00F36F93 /* RSSReader */,
				2F8F04C3223A46DE00F36F93 /* Products */,
				2F8F056B223A4FE800F36F93 /* Frameworks */,
			);
			sourceTree = "<group>";
		};
		2F8F04C3223A46DE00F36F93 /* Products */ = {
			isa = PBXGroup;
			children = (
				2F8F04C2223A46DE00F36F93 /* RSSReader.app */,
			);
			name = Products;
			sourceTree = "<group>";
		};
		2F8F04C4223A46DE00F36F93 /* RSSReader */ = {
			isa = PBXGroup;
			children = (
				2F8F04C5223A46DE00F36F93 /* AppDelegate.swift */,
				2F8F04C9223A46DE00F36F93 /* Main.storyboard */,
				2F8F0576223A506000F36F93 /* Main */,
				2F8F0504223A47E800F36F93 /* Utils */,
				2F77C9B722409F140051872E /* Realm */,
				2F8F0505223A47E800F36F93 /* Declare */,
				2F8F050C223A47E800F36F93 /* Extension */,
				2F8F0508223A47E800F36F93 /* Resource */,
				2F8F04FD223A47E800F36F93 /* Network */,
				2F8F0501223A47E800F36F93 /* ThirdParty */,
				2F8F04D8223A47E800F36F93 /* CustomView */,
				2F8F04CC223A46DE00F36F93 /* Assets.xcassets */,
				2F8F04CE223A46DE00F36F93 /* LaunchScreen.storyboard */,
				2F8F04D1223A46DE00F36F93 /* Info.plist */,
			);
			path = RSSReader;
			sourceTree = "<group>";
		};
		2F8F04D8223A47E800F36F93 /* CustomView */ = {
			isa = PBXGroup;
			children = (
				2F7153D622420158000C7B8D /* HudIndicator */,
				2F8F04F8223A47E800F36F93 /* HidingiBar */,
				2F8F04FB223A47E800F36F93 /* DigitalKeyboard.swift */,
				2F8F04FC223A47E800F36F93 /* WaterflowLayout.swift */,
			);
			path = CustomView;
			sourceTree = "<group>";
		};
		2F8F04F8223A47E800F36F93 /* HidingiBar */ = {
			isa = PBXGroup;
			children = (
				2F8F04F9223A47E800F36F93 /* HidingManager.swift */,
				2F8F04FA223A47E800F36F93 /* HidingController.swift */,
			);
			path = HidingiBar;
			sourceTree = "<group>";
		};
		2F8F04FD223A47E800F36F93 /* Network */ = {
			isa = PBXGroup;
			children = (
				2F8F04FE223A47E800F36F93 /* NetworkHelper.swift */,
				2F8F04FF223A47E800F36F93 /* NetworkManager.swift */,
				2F8F0500223A47E800F36F93 /* NetworkConstant.swift */,
			);
			path = Network;
			sourceTree = "<group>";
		};
		2F8F0501223A47E800F36F93 /* ThirdParty */ = {
			isa = PBXGroup;
			children = (
				2F8F0502223A47E800F36F93 /* Then.swift */,
				2F8F0503223A47E800F36F93 /* TouchID.swift */,
			);
			path = ThirdParty;
			sourceTree = "<group>";
		};
		2F8F0504223A47E800F36F93 /* Utils */ = {
			isa = PBXGroup;
			children = (
				2F2A889A2240F6C200C8A368 /* FeedTool.swift */,
				2F610152224338D2006C8379 /* ShareTool.swift */,
				2F2A88962240D9C200C8A368 /* NoticeTool.swift */,
				2F2A88982240E32D00C8A368 /* FeedManager.swift */,
			);
			path = Utils;
			sourceTree = "<group>";
		};
		2F8F0505223A47E800F36F93 /* Declare */ = {
			isa = PBXGroup;
			children = (
				2F8F0506223A47E800F36F93 /* Constans.swift */,
				2F8F0507223A47E800F36F93 /* AppConstant.swift */,
			);
			path = Declare;
			sourceTree = "<group>";
		};
		2F8F0508223A47E800F36F93 /* Resource */ = {
			isa = PBXGroup;
			children = (
				2F8F050B223A47E800F36F93 /* help.plist */,
			);
			path = Resource;
			sourceTree = "<group>";
		};
		2F8F050C223A47E800F36F93 /* Extension */ = {
			isa = PBXGroup;
			children = (
				2F8F051C223A47E800F36F93 /* Foundation */,
				2F8F050D223A47E800F36F93 /* UIKit */,
			);
			path = Extension;
			sourceTree = "<group>";
		};
		2F8F050D223A47E800F36F93 /* UIKit */ = {
			isa = PBXGroup;
			children = (
				2F8F050E223A47E800F36F93 /* UIButtonExtension.swift */,
				2F8F050F223A47E800F36F93 /* UIImageViewExtension.swift */,
				2F8F0510223A47E800F36F93 /* UIColorExtension.swift */,
				2F8F0511223A47E800F36F93 /* UITextViewExtension.swift */,
				2F8F0512223A47E800F36F93 /* UITextFieldExtension.swift */,
				2F8F0513223A47E800F36F93 /* UILabelExtension.swift */,
				2F8F0514223A47E800F36F93 /* UIViewControllerExtension.swift */,
				2F8F0515223A47E800F36F93 /* UITableViewExtension.swift */,
				2F8F0516223A47E800F36F93 /* UIViewExtension.swift */,
				2F8F0517223A47E800F36F93 /* UIDeviceExtension.swift */,
				2F8F0518223A47E800F36F93 /* UIFontExtension.swift */,
				2F8F0519223A47E800F36F93 /* UIScrollViewExtension.swift */,
				2F8F051A223A47E800F36F93 /* UIWindowExtension.swift */,
				2F8F051B223A47E800F36F93 /* UIImageExtension.swift */,
			);
			path = UIKit;
			sourceTree = "<group>";
		};
		2F8F051C223A47E800F36F93 /* Foundation */ = {
			isa = PBXGroup;
			children = (
				2F8F051D223A47E800F36F93 /* AppExtension.swift */,
				2F8F051E223A47E800F36F93 /* ArrayExtension.swift */,
				2F8F051F223A47E800F36F93 /* URLExtension.swift */,
				2F8F0520223A47E800F36F93 /* DataExtension.swift */,
				2F8F0521223A47E800F36F93 /* StringExtension.swift */,
				2F8F0522223A47E800F36F93 /* DictionaryExtension.swift */,
				2F8F0523223A47E800F36F93 /* DateExtension.swift */,
			);
			path = Foundation;
			sourceTree = "<group>";
		};
		2F8F056B223A4FE800F36F93 /* Frameworks */ = {
			isa = PBXGroup;
			children = (
				2FB120E92244F2840082F24A /* DTCoreText.framework */,
				2FB120E82244F2830082F24A /* DTFoundation.framework */,
				2F71542B2242153D000C7B8D /* SwipeCellKit.framework */,
				2F77C9AF2240939F0051872E /* Realm.framework */,
				2F77C9B1224094470051872E /* RealmSwift.framework */,
				2F8F0570223A502600F36F93 /* SnapKit.framework */,
				2F8F056C223A501200F36F93 /* FeedKit.framework */,
				2F8F0572223A502600F36F93 /* Kingfisher.framework */,
				2F8F0571223A502600F36F93 /* Networking.framework */,
				2F8F056D223A501200F36F93 /* HandyJSON.framework */,
				2F524C00223B5BC9006F5C10 /* SwiftMessages.framework */,
			);
			name = Frameworks;
			path = RSSReader/Frameworks;
			sourceTree = "<group>";
		};
		2F8F0576223A506000F36F93 /* Main */ = {
			isa = PBXGroup;
			children = (
				2F8F0577223A506000F36F93 /* Home */,
			);
			path = Main;
			sourceTree = "<group>";
		};
		2F8F0577223A506000F36F93 /* Home */ = {
			isa = PBXGroup;
			children = (
				2F8F0579223A506000F36F93 /* Model */,
				2F8F057A223A506000F36F93 /* View */,
				2F8F0578223A506000F36F93 /* Controller */,
			);
			path = Home;
			sourceTree = "<group>";
		};
		2F8F0578223A506000F36F93 /* Controller */ = {
			isa = PBXGroup;
			children = (
				2F8F057B223A507500F36F93 /* HomeController.swift */,
				2F2A889C2241033500C8A368 /* ArticleListController.swift */,
				2FAAC2D5223BBC2C00848970 /* ArticleReaderController.swift */,
				2F8F057D223A5E2400F36F93 /* FeedMenuController.swift */,
				2F524C0A223B9DD1006F5C10 /* SettingController.swift */,
				2F71542E22422ED1000C7B8D /* PreferenceController.swift */,
				2F71543022423C8B000C7B8D /* AuthIDController.swift */,
			);
			path = Controller;
			sourceTree = "<group>";
		};
		2F8F0579223A506000F36F93 /* Model */ = {
			isa = PBXGroup;
			children = (
				2F77C9B522409D5E0051872E /* MyFeed.swift */,
			);
			path = Model;
			sourceTree = "<group>";
		};
		2F8F057A223A506000F36F93 /* View */ = {
			isa = PBXGroup;
			children = (
				2F8F057F223A6C6900F36F93 /* AddFeedCell.swift */,
				2F77C9BB2240B1220051872E /* AddFeedView.swift */,
				2F77C9BD2240B1330051872E /* AddFeedView.xib */,
				2FCCA1D722437A1200CF321B /* AddFoldView.swift */,
				2FCCA1D922437A1F00CF321B /* AddFoldView.xib */,
				2F61015422435D88006C8379 /* RenameFeedView.swift */,
				2F61015622435D93006C8379 /* RenameFeedView.xib */,
				2FCCA1DB224388D000CF321B /* FoldListView.swift */,
				2FCCA1DD224388DD00CF321B /* FoldListView.xib */,
			);
			path = View;
			sourceTree = "<group>";
		};
/* End PBXGroup section */

/* Begin PBXNativeTarget section */
		2F8F04C1223A46DE00F36F93 /* RSSReader */ = {
			isa = PBXNativeTarget;
			buildConfigurationList = 2F8F04D4223A46DE00F36F93 /* Build configuration list for PBXNativeTarget "RSSReader" */;
			buildPhases = (
				2F8F04BE223A46DE00F36F93 /* Sources */,
				2F8F04BF223A46DE00F36F93 /* Frameworks */,
				2F8F04C0223A46DE00F36F93 /* Resources */,
				2F8F056A223A4A5400F36F93 /* ShellScript */,
				2FB120F02244F3240082F24A /* Embed Frameworks */,
			);
			buildRules = (
			);
			dependencies = (
			);
			name = RSSReader;
			productName = RSSReader;
			productReference = 2F8F04C2223A46DE00F36F93 /* RSSReader.app */;
			productType = "com.apple.product-type.application";
		};
/* End PBXNativeTarget section */

/* Begin PBXProject section */
		2F8F04BA223A46DE00F36F93 /* Project object */ = {
			isa = PBXProject;
			attributes = {
				LastSwiftUpdateCheck = 1010;
				LastUpgradeCheck = 1010;
				ORGANIZATIONNAME = wannayoung;
				TargetAttributes = {
					2F8F04C1223A46DE00F36F93 = {
						CreatedOnToolsVersion = 10.1;
					};
				};
			};
			buildConfigurationList = 2F8F04BD223A46DE00F36F93 /* Build configuration list for PBXProject "RSSReader" */;
			compatibilityVersion = "Xcode 9.3";
			developmentRegion = en;
			hasScannedForEncodings = 0;
			knownRegions = (
				en,
				Base,
			);
			mainGroup = 2F8F04B9223A46DE00F36F93;
			productRefGroup = 2F8F04C3223A46DE00F36F93 /* Products */;
			projectDirPath = "";
			projectRoot = "";
			targets = (
				2F8F04C1223A46DE00F36F93 /* RSSReader */,
			);
		};
/* End PBXProject section */

/* Begin PBXResourcesBuildPhase section */
		2F8F04C0223A46DE00F36F93 /* Resources */ = {
			isa = PBXResourcesBuildPhase;
			buildActionMask = 2147483647;
			files = (
				2FCCA1DA22437A1F00CF321B /* AddFoldView.xib in Resources */,
				2F8F04D0223A46DE00F36F93 /* LaunchScreen.storyboard in Resources */,
				2F8F04CD223A46DE00F36F93 /* Assets.xcassets in Resources */,
				2F8F04CB223A46DE00F36F93 /* Main.storyboard in Resources */,
				2F8F0548223A47E800F36F93 /* help.plist in Resources */,
				2FCCA1DE224388DD00CF321B /* FoldListView.xib in Resources */,
				2F61015722435D93006C8379 /* RenameFeedView.xib in Resources */,
				2F77C9BE2240B1330051872E /* AddFeedView.xib in Resources */,
			);
			runOnlyForDeploymentPostprocessing = 0;
		};
/* End PBXResourcesBuildPhase section */

/* Begin PBXShellScriptBuildPhase section */
		2F8F056A223A4A5400F36F93 /* ShellScript */ = {
			isa = PBXShellScriptBuildPhase;
			buildActionMask = 2147483647;
			files = (
			);
			inputFileListPaths = (
			);
			inputPaths = (
				"$(SRCROOT)/Carthage/Build/iOS/SnapKit.framework",
				"$(SRCROOT)/Carthage/Build/iOS/Kingfisher.framework",
				"$(SRCROOT)/Carthage/Build/iOS/Networking.framework",
				"$(SRCROOT)/Carthage/Build/iOS/HandyJSON.framework",
				"$(SRCROOT)/Carthage/Build/iOS/FeedKit.framework",
				"$(SRCROOT)/Carthage/Build/iOS/SwiftMessages.framework",
				"$(SRCROOT)/Carthage/Build/iOS/Realm.framework",
				"$(SRCROOT)/Carthage/Build/iOS/RealmSwift.framework",
				"$(SRCROOT)/Carthage/Build/iOS/SwipeCellKit.framework",
			);
			outputFileListPaths = (
			);
			outputPaths = (
			);
			runOnlyForDeploymentPostprocessing = 0;
			shellPath = /bin/sh;
			shellScript = "/usr/local/bin/carthage copy-frameworks\n";
		};
/* End PBXShellScriptBuildPhase section */

/* Begin PBXSourcesBuildPhase section */
		2F8F04BE223A46DE00F36F93 /* Sources */ = {
			isa = PBXSourcesBuildPhase;
			buildActionMask = 2147483647;
			files = (
				2F71541722420158000C7B8D /* NVActivityIndicatorAnimationBallRotateChase.swift in Sources */,
				2F8F055A223A47E800F36F93 /* DataExtension.swift in Sources */,
				2F71541922420158000C7B8D /* NVActivityIndicatorAnimationBlank.swift in Sources */,
				2F8F055D223A47E800F36F93 /* DateExtension.swift in Sources */,
				2F71541C22420158000C7B8D /* NVActivityIndicatorAnimationTriangleSkewSpin.swift in Sources */,
				2F8F0559223A47E800F36F93 /* URLExtension.swift in Sources */,
				2F71542222420158000C7B8D /* NVActivityIndicatorAnimationBallPulseSync.swift in Sources */,
				2F71541B22420158000C7B8D /* NVActivityIndicatorAnimationAudioEqualizer.swift in Sources */,
				2F71541E22420158000C7B8D /* NVActivityIndicatorAnimationBallScaleMultiple.swift in Sources */,
				2F71540C22420158000C7B8D /* NVActivityIndicatorAnimationBallDoubleBounce.swift in Sources */,
				2F71540A22420158000C7B8D /* NVActivityIndicatorAnimationBallClipRotateMultiple.swift in Sources */,
				2F71540D22420158000C7B8D /* NVActivityIndicatorAnimationLineScalePulseOut.swift in Sources */,
				2F71542122420158000C7B8D /* NVActivityIndicatorAnimationPacman.swift in Sources */,
				2F77C9BC2240B1220051872E /* AddFeedView.swift in Sources */,
				2F8F0551223A47E800F36F93 /* UIViewExtension.swift in Sources */,
				2F8F0557223A47E800F36F93 /* AppExtension.swift in Sources */,
				2F2A88992240E32D00C8A368 /* FeedManager.swift in Sources */,
				2F8F0553223A47E800F36F93 /* UIFontExtension.swift in Sources */,
				2F8F053C223A47E800F36F93 /* HidingController.swift in Sources */,
				2F8F0549223A47E800F36F93 /* UIButtonExtension.swift in Sources */,
				2F8F053E223A47E800F36F93 /* WaterflowLayout.swift in Sources */,
				2FCCA1D822437A1200CF321B /* AddFoldView.swift in Sources */,
				2F8F057C223A507500F36F93 /* HomeController.swift in Sources */,
				2F8F0540223A47E800F36F93 /* NetworkManager.swift in Sources */,
				2F71542722420158000C7B8D /* NVActivityIndicatorAnimationBallPulseRise.swift in Sources */,
				2FCCA1DC224388D000CF321B /* FoldListView.swift in Sources */,
				2F8F0558223A47E800F36F93 /* ArrayExtension.swift in Sources */,
				2F2A889D2241033500C8A368 /* ArticleListController.swift in Sources */,
				2F71540922420158000C7B8D /* NVActivityIndicatorAnimationBallClipRotate.swift in Sources */,
				2F71540322420158000C7B8D /* NVActivityIndicatorPresenter.swift in Sources */,
				2F8F053F223A47E800F36F93 /* NetworkHelper.swift in Sources */,
				2F8F0545223A47E800F36F93 /* AppConstant.swift in Sources */,
				2F8F0555223A47E800F36F93 /* UIWindowExtension.swift in Sources */,
				2F8F055C223A47E800F36F93 /* DictionaryExtension.swift in Sources */,
				2F8F054A223A47E800F36F93 /* UIImageViewExtension.swift in Sources */,
				2F71541822420158000C7B8D /* NVActivityIndicatorAnimationBallPulse.swift in Sources */,
				2F77C9B922409F440051872E /* RealmConfig.swift in Sources */,
				2F71541122420158000C7B8D /* NVActivityIndicatorAnimationBallZigZag.swift in Sources */,
				2F71543122423C8B000C7B8D /* AuthIDController.swift in Sources */,
				2F71542322420158000C7B8D /* NVActivityIndicatorAnimationCubeTransition.swift in Sources */,
				2F71540F22420158000C7B8D /* NVActivityIndicatorAnimationBallZigZagDeflect.swift in Sources */,
				2F8F054B223A47E800F36F93 /* UIColorExtension.swift in Sources */,
				2F71540B22420158000C7B8D /* NVActivityIndicatorAnimationBallTrianglePath.swift in Sources */,
				2F8F0542223A47E800F36F93 /* Then.swift in Sources */,
				2F8F055B223A47E800F36F93 /* StringExtension.swift in Sources */,
				2F8F054D223A47E800F36F93 /* UITextFieldExtension.swift in Sources */,
				2F71540822420158000C7B8D /* NVActivityIndicatorAnimationBallGridPulse.swift in Sources */,
				2F71541F22420158000C7B8D /* NVActivityIndicatorAnimationLineScale.swift in Sources */,
				2F8F054F223A47E800F36F93 /* UIViewControllerExtension.swift in Sources */,
				2F8F0543223A47E800F36F93 /* TouchID.swift in Sources */,
				2F77C9B622409D5E0051872E /* MyFeed.swift in Sources */,
				2F2A88972240D9C200C8A368 /* NoticeTool.swift in Sources */,
				2F2A889B2240F6C200C8A368 /* FeedTool.swift in Sources */,
				2F71541422420158000C7B8D /* NVActivityIndicatorAnimationBallScaleRipple.swift in Sources */,
				2F71541222420158000C7B8D /* NVActivityIndicatorAnimationBallBeat.swift in Sources */,
				2F71541522420158000C7B8D /* NVActivityIndicatorAnimationBallClipRotatePulse.swift in Sources */,
				2F8F053D223A47E800F36F93 /* DigitalKeyboard.swift in Sources */,
				2F71540E22420158000C7B8D /* NVActivityIndicatorAnimationLineSpinFadeLoader.swift in Sources */,
				2F71540522420158000C7B8D /* NVActivityIndicatorShape.swift in Sources */,
				2F71541D22420158000C7B8D /* NVActivityIndicatorAnimationBallGridBeat.swift in Sources */,
				2F610153224338D2006C8379 /* ShareTool.swift in Sources */,
				2F8F0552223A47E800F36F93 /* UIDeviceExtension.swift in Sources */,
				2F71540622420158000C7B8D /* NVActivityIndicatorView.swift in Sources */,
				2F71542F22422ED1000C7B8D /* PreferenceController.swift in Sources */,
				2F71540722420158000C7B8D /* NVActivityIndicatorAnimationBallRotate.swift in Sources */,
				2F71540222420158000C7B8D /* NVActivityIndicatorAnimationDelegate.swift in Sources */,
				2F8F0541223A47E800F36F93 /* NetworkConstant.swift in Sources */,
				2F8F04C6223A46DE00F36F93 /* AppDelegate.swift in Sources */,
				2F71541622420158000C7B8D /* NVActivityIndicatorAnimationSquareSpin.swift in Sources */,
				2F71542622420158000C7B8D /* NVActivityIndicatorAnimationLineScalePulseOutRapid.swift in Sources */,
				2F71541A22420158000C7B8D /* NVActivityIndicatorAnimationCircleStrokeSpin.swift in Sources */,
				2F8F0544223A47E800F36F93 /* Constans.swift in Sources */,
				2F8F0550223A47E800F36F93 /* UITableViewExtension.swift in Sources */,
				2F71541322420158000C7B8D /* NVActivityIndicatorAnimationSemiCircleSpin.swift in Sources */,
				2F71540422420158000C7B8D /* NVActivityIndicatorViewable.swift in Sources */,
				2F8F057E223A5E2400F36F93 /* FeedMenuController.swift in Sources */,
				2F524C0B223B9DD1006F5C10 /* SettingController.swift in Sources */,
				2F8F054C223A47E800F36F93 /* UITextViewExtension.swift in Sources */,
				2F8F0556223A47E800F36F93 /* UIImageExtension.swift in Sources */,
				2F8F054E223A47E800F36F93 /* UILabelExtension.swift in Sources */,
				2F8F0580223A6C6900F36F93 /* AddFeedCell.swift in Sources */,
				2FAAC2D6223BBC2C00848970 /* ArticleReaderController.swift in Sources */,
				2F71542422420158000C7B8D /* NVActivityIndicatorAnimationBallSpinFadeLoader.swift in Sources */,
				2F8F0554223A47E800F36F93 /* UIScrollViewExtension.swift in Sources */,
				2F71542822420158000C7B8D /* NVActivityIndicatorAnimationOrbit.swift in Sources */,
				2F61015522435D88006C8379 /* RenameFeedView.swift in Sources */,
				2F71542922420158000C7B8D /* SwiftNotice.swift in Sources */,
				2F71542022420158000C7B8D /* NVActivityIndicatorAnimationBallScaleRippleMultiple.swift in Sources */,
				2F8F053B223A47E800F36F93 /* HidingManager.swift in Sources */,
				2F71541022420158000C7B8D /* NVActivityIndicatorAnimationBallScale.swift in Sources */,
				2F71542522420158000C7B8D /* NVActivityIndicatorAnimationLineScaleParty.swift in Sources */,
			);
			runOnlyForDeploymentPostprocessing = 0;
		};
/* End PBXSourcesBuildPhase section */

/* Begin PBXVariantGroup section */
		2F8F04C9223A46DE00F36F93 /* Main.storyboard */ = {
			isa = PBXVariantGroup;
			children = (
				2F8F04CA223A46DE00F36F93 /* Base */,
			);
			name = Main.storyboard;
			sourceTree = "<group>";
		};
		2F8F04CE223A46DE00F36F93 /* LaunchScreen.storyboard */ = {
			isa = PBXVariantGroup;
			children = (
				2F8F04CF223A46DE00F36F93 /* Base */,
			);
			name = LaunchScreen.storyboard;
			sourceTree = "<group>";
		};
/* End PBXVariantGroup section */

/* Begin XCBuildConfiguration section */
		2F8F04D2223A46DE00F36F93 /* Debug */ = {
			isa = XCBuildConfiguration;
			buildSettings = {
				ALWAYS_SEARCH_USER_PATHS = NO;
				CLANG_ANALYZER_NONNULL = YES;
				CLANG_ANALYZER_NUMBER_OBJECT_CONVERSION = YES_AGGRESSIVE;
				CLANG_CXX_LANGUAGE_STANDARD = "gnu++14";
				CLANG_CXX_LIBRARY = "libc++";
				CLANG_ENABLE_MODULES = YES;
				CLANG_ENABLE_OBJC_ARC = YES;
				CLANG_ENABLE_OBJC_WEAK = YES;
				CLANG_WARN_BLOCK_CAPTURE_AUTORELEASING = YES;
				CLANG_WARN_BOOL_CONVERSION = YES;
				CLANG_WARN_COMMA = YES;
				CLANG_WARN_CONSTANT_CONVERSION = YES;
				CLANG_WARN_DEPRECATED_OBJC_IMPLEMENTATIONS = YES;
				CLANG_WARN_DIRECT_OBJC_ISA_USAGE = YES_ERROR;
				CLANG_WARN_DOCUMENTATION_COMMENTS = YES;
				CLANG_WARN_EMPTY_BODY = YES;
				CLANG_WARN_ENUM_CONVERSION = YES;
				CLANG_WARN_INFINITE_RECURSION = YES;
				CLANG_WARN_INT_CONVERSION = YES;
				CLANG_WARN_NON_LITERAL_NULL_CONVERSION = YES;
				CLANG_WARN_OBJC_IMPLICIT_RETAIN_SELF = YES;
				CLANG_WARN_OBJC_LITERAL_CONVERSION = YES;
				CLANG_WARN_OBJC_ROOT_CLASS = YES_ERROR;
				CLANG_WARN_RANGE_LOOP_ANALYSIS = YES;
				CLANG_WARN_STRICT_PROTOTYPES = YES;
				CLANG_WARN_SUSPICIOUS_MOVE = YES;
				CLANG_WARN_UNGUARDED_AVAILABILITY = YES_AGGRESSIVE;
				CLANG_WARN_UNREACHABLE_CODE = YES;
				CLANG_WARN__DUPLICATE_METHOD_MATCH = YES;
				CODE_SIGN_IDENTITY = "iPhone Developer";
				COPY_PHASE_STRIP = NO;
				DEBUG_INFORMATION_FORMAT = dwarf;
				ENABLE_STRICT_OBJC_MSGSEND = YES;
				ENABLE_TESTABILITY = YES;
				GCC_C_LANGUAGE_STANDARD = gnu11;
				GCC_DYNAMIC_NO_PIC = NO;
				GCC_NO_COMMON_BLOCKS = YES;
				GCC_OPTIMIZATION_LEVEL = 0;
				GCC_PREPROCESSOR_DEFINITIONS = (
					"DEBUG=1",
					"$(inherited)",
				);
				GCC_WARN_64_TO_32_BIT_CONVERSION = YES;
				GCC_WARN_ABOUT_RETURN_TYPE = YES_ERROR;
				GCC_WARN_UNDECLARED_SELECTOR = YES;
				GCC_WARN_UNINITIALIZED_AUTOS = YES_AGGRESSIVE;
				GCC_WARN_UNUSED_FUNCTION = YES;
				GCC_WARN_UNUSED_VARIABLE = YES;
				IPHONEOS_DEPLOYMENT_TARGET = 10.0;
				MTL_ENABLE_DEBUG_INFO = INCLUDE_SOURCE;
				MTL_FAST_MATH = YES;
				ONLY_ACTIVE_ARCH = YES;
				SDKROOT = iphoneos;
				SWIFT_ACTIVE_COMPILATION_CONDITIONS = DEBUG;
				SWIFT_OPTIMIZATION_LEVEL = "-Onone";
			};
			name = Debug;
		};
		2F8F04D3223A46DE00F36F93 /* Release */ = {
			isa = XCBuildConfiguration;
			buildSettings = {
				ALWAYS_SEARCH_USER_PATHS = NO;
				CLANG_ANALYZER_NONNULL = YES;
				CLANG_ANALYZER_NUMBER_OBJECT_CONVERSION = YES_AGGRESSIVE;
				CLANG_CXX_LANGUAGE_STANDARD = "gnu++14";
				CLANG_CXX_LIBRARY = "libc++";
				CLANG_ENABLE_MODULES = YES;
				CLANG_ENABLE_OBJC_ARC = YES;
				CLANG_ENABLE_OBJC_WEAK = YES;
				CLANG_WARN_BLOCK_CAPTURE_AUTORELEASING = YES;
				CLANG_WARN_BOOL_CONVERSION = YES;
				CLANG_WARN_COMMA = YES;
				CLANG_WARN_CONSTANT_CONVERSION = YES;
				CLANG_WARN_DEPRECATED_OBJC_IMPLEMENTATIONS = YES;
				CLANG_WARN_DIRECT_OBJC_ISA_USAGE = YES_ERROR;
				CLANG_WARN_DOCUMENTATION_COMMENTS = YES;
				CLANG_WARN_EMPTY_BODY = YES;
				CLANG_WARN_ENUM_CONVERSION = YES;
				CLANG_WARN_INFINITE_RECURSION = YES;
				CLANG_WARN_INT_CONVERSION = YES;
				CLANG_WARN_NON_LITERAL_NULL_CONVERSION = YES;
				CLANG_WARN_OBJC_IMPLICIT_RETAIN_SELF = YES;
				CLANG_WARN_OBJC_LITERAL_CONVERSION = YES;
				CLANG_WARN_OBJC_ROOT_CLASS = YES_ERROR;
				CLANG_WARN_RANGE_LOOP_ANALYSIS = YES;
				CLANG_WARN_STRICT_PROTOTYPES = YES;
				CLANG_WARN_SUSPICIOUS_MOVE = YES;
				CLANG_WARN_UNGUARDED_AVAILABILITY = YES_AGGRESSIVE;
				CLANG_WARN_UNREACHABLE_CODE = YES;
				CLANG_WARN__DUPLICATE_METHOD_MATCH = YES;
				CODE_SIGN_IDENTITY = "iPhone Developer";
				COPY_PHASE_STRIP = NO;
				DEBUG_INFORMATION_FORMAT = "dwarf-with-dsym";
				ENABLE_NS_ASSERTIONS = NO;
				ENABLE_STRICT_OBJC_MSGSEND = YES;
				GCC_C_LANGUAGE_STANDARD = gnu11;
				GCC_NO_COMMON_BLOCKS = YES;
				GCC_WARN_64_TO_32_BIT_CONVERSION = YES;
				GCC_WARN_ABOUT_RETURN_TYPE = YES_ERROR;
				GCC_WARN_UNDECLARED_SELECTOR = YES;
				GCC_WARN_UNINITIALIZED_AUTOS = YES_AGGRESSIVE;
				GCC_WARN_UNUSED_FUNCTION = YES;
				GCC_WARN_UNUSED_VARIABLE = YES;
				IPHONEOS_DEPLOYMENT_TARGET = 10.0;
				MTL_ENABLE_DEBUG_INFO = NO;
				MTL_FAST_MATH = YES;
				SDKROOT = iphoneos;
				SWIFT_COMPILATION_MODE = wholemodule;
				SWIFT_OPTIMIZATION_LEVEL = "-O";
				VALIDATE_PRODUCT = YES;
			};
			name = Release;
		};
		2F8F04D5223A46DE00F36F93 /* Debug */ = {
			isa = XCBuildConfiguration;
			buildSettings = {
				ASSETCATALOG_COMPILER_APPICON_NAME = AppIcon;
				CODE_SIGN_STYLE = Automatic;
				DEVELOPMENT_TEAM = P4J67GCA42;
				ENABLE_BITCODE = NO;
				FRAMEWORK_SEARCH_PATHS = (
					"$(inherited)",
					"$(PROJECT_DIR)/Carthage/Build/iOS",
					"$(PROJECT_DIR)/RSSReader/Frameworks",
				);
				INFOPLIST_FILE = RSSReader/Info.plist;
				IPHONEOS_DEPLOYMENT_TARGET = 10.0;
				LD_RUNPATH_SEARCH_PATHS = (
					"$(inherited)",
					"@executable_path/Frameworks",
				);
				PRODUCT_BUNDLE_IDENTIFIER = com.haosheng.RSSReader;
				PRODUCT_NAME = "$(TARGET_NAME)";
				SWIFT_VERSION = 4.2;
				TARGETED_DEVICE_FAMILY = 1;
			};
			name = Debug;
		};
		2F8F04D6223A46DE00F36F93 /* Release */ = {
			isa = XCBuildConfiguration;
			buildSettings = {
				ASSETCATALOG_COMPILER_APPICON_NAME = AppIcon;
				CODE_SIGN_STYLE = Automatic;
				DEVELOPMENT_TEAM = P4J67GCA42;
				ENABLE_BITCODE = NO;
				FRAMEWORK_SEARCH_PATHS = (
					"$(inherited)",
					"$(PROJECT_DIR)/Carthage/Build/iOS",
					"$(PROJECT_DIR)/RSSReader/Frameworks",
				);
				INFOPLIST_FILE = RSSReader/Info.plist;
				IPHONEOS_DEPLOYMENT_TARGET = 10.0;
				LD_RUNPATH_SEARCH_PATHS = (
					"$(inherited)",
					"@executable_path/Frameworks",
				);
				PRODUCT_BUNDLE_IDENTIFIER = com.haosheng.RSSReader;
				PRODUCT_NAME = "$(TARGET_NAME)";
				SWIFT_VERSION = 4.2;
				TARGETED_DEVICE_FAMILY = 1;
			};
			name = Release;
		};
/* End XCBuildConfiguration section */

/* Begin XCConfigurationList section */
		2F8F04BD223A46DE00F36F93 /* Build configuration list for PBXProject "RSSReader" */ = {
			isa = XCConfigurationList;
			buildConfigurations = (
				2F8F04D2223A46DE00F36F93 /* Debug */,
				2F8F04D3223A46DE00F36F93 /* Release */,
			);
			defaultConfigurationIsVisible = 0;
			defaultConfigurationName = Release;
		};
		2F8F04D4223A46DE00F36F93 /* Build configuration list for PBXNativeTarget "RSSReader" */ = {
			isa = XCConfigurationList;
			buildConfigurations = (
				2F8F04D5223A46DE00F36F93 /* Debug */,
				2F8F04D6223A46DE00F36F93 /* Release */,
			);
			defaultConfigurationIsVisible = 0;
			defaultConfigurationName = Release;
		};
/* End XCConfigurationList section */
	};
	rootObject = 2F8F04BA223A46DE00F36F93 /* Project object */;
}
